// !$*UTF8*$!
{
	archiveVersion = 1;
	classes = {
	};
	objectVersion = 56;
	objects = {

/* Begin PBXBuildFile section */
		6331656492F6ACA3D9695BC0 /* Pods_PopinCall_PopinCallTests.framework in Frameworks */ = {isa = PBXBuildFile; fileRef = E3F74A3372ED619A04D4C869 /* Pods_PopinCall_PopinCallTests.framework */; };
		65AE8F9EC9E9FF65E6AA2616 /* Pods_PopinCallExamples.framework in Frameworks */ = {isa = PBXBuildFile; fileRef = 7CA7F3AC314C5F58CA18AA74 /* Pods_PopinCallExamples.framework */; };
		A7DCB96F5187C6A3235B43EB /* Pods_PopinCall.framework in Frameworks */ = {isa = PBXBuildFile; fileRef = 032F31849EB42899D3A2A182 /* Pods_PopinCall.framework */; };
		CFA556822923FDB7003453DF /* PopinCallPresenter.swift in Sources */ = {isa = PBXBuildFile; fileRef = CFA556812923FDB7003453DF /* PopinCallPresenter.swift */; };
		CFA556842923FDC1003453DF /* PopinCallInteractor.swift in Sources */ = {isa = PBXBuildFile; fileRef = CFA556832923FDC1003453DF /* PopinCallInteractor.swift */; };
		CFA556862923FEA3003453DF /* PopinCallDelegate.swift in Sources */ = {isa = PBXBuildFile; fileRef = CFA556852923FEA3003453DF /* PopinCallDelegate.swift */; };
		CFA556882923FF4C003453DF /* Popin.swift in Sources */ = {isa = PBXBuildFile; fileRef = CFA556872923FF4C003453DF /* Popin.swift */; };
		CFBBD56B2923EA3100D241A9 /* PopinCall.docc in Sources */ = {isa = PBXBuildFile; fileRef = CFBBD56A2923EA3100D241A9 /* PopinCall.docc */; };
		CFBBD5712923EA3100D241A9 /* PopinCall.framework in Frameworks */ = {isa = PBXBuildFile; fileRef = CFBBD5662923EA3100D241A9 /* PopinCall.framework */; };
		CFBBD5762923EA3100D241A9 /* PopinCallTests.swift in Sources */ = {isa = PBXBuildFile; fileRef = CFBBD5752923EA3100D241A9 /* PopinCallTests.swift */; };
		CFBBD5772923EA3100D241A9 /* PopinCall.h in Headers */ = {isa = PBXBuildFile; fileRef = CFBBD5692923EA3100D241A9 /* PopinCall.h */; settings = {ATTRIBUTES = (Public, ); }; };
		CFBBD5872923EA8800D241A9 /* AppDelegate.swift in Sources */ = {isa = PBXBuildFile; fileRef = CFBBD5862923EA8800D241A9 /* AppDelegate.swift */; };
		CFBBD5892923EA8800D241A9 /* SceneDelegate.swift in Sources */ = {isa = PBXBuildFile; fileRef = CFBBD5882923EA8800D241A9 /* SceneDelegate.swift */; };
		CFBBD58B2923EA8800D241A9 /* ViewController.swift in Sources */ = {isa = PBXBuildFile; fileRef = CFBBD58A2923EA8800D241A9 /* ViewController.swift */; };
		CFBBD58E2923EA8800D241A9 /* Main.storyboard in Resources */ = {isa = PBXBuildFile; fileRef = CFBBD58C2923EA8800D241A9 /* Main.storyboard */; };
		CFBBD5902923EA8900D241A9 /* Assets.xcassets in Resources */ = {isa = PBXBuildFile; fileRef = CFBBD58F2923EA8900D241A9 /* Assets.xcassets */; };
		CFBBD5932923EA8900D241A9 /* LaunchScreen.storyboard in Resources */ = {isa = PBXBuildFile; fileRef = CFBBD5912923EA8900D241A9 /* LaunchScreen.storyboard */; };
		CFBBD5A02923EE7200D241A9 /* PopinCallViewController.swift in Sources */ = {isa = PBXBuildFile; fileRef = CFBBD59E2923EE7200D241A9 /* PopinCallViewController.swift */; };
		CFBBD5A12923EE7200D241A9 /* PopinCallViewController.xib in Resources */ = {isa = PBXBuildFile; fileRef = CFBBD59F2923EE7200D241A9 /* PopinCallViewController.xib */; };
		CFBBD5A32923F08000D241A9 /* PopinCall.framework in Frameworks */ = {isa = PBXBuildFile; fileRef = CFBBD5662923EA3100D241A9 /* PopinCall.framework */; };
		CFBBD5A42923F08100D241A9 /* PopinCall.framework in Embed Frameworks */ = {isa = PBXBuildFile; fileRef = CFBBD5662923EA3100D241A9 /* PopinCall.framework */; settings = {ATTRIBUTES = (CodeSignOnCopy, RemoveHeadersOnCopy, ); }; };
		CFF5FBD92925E4E500EADF2A /* Utilities.swift in Sources */ = {isa = PBXBuildFile; fileRef = CFF5FBD82925E4E500EADF2A /* Utilities.swift */; };
		CFF5FBDB2925EDF000EADF2A /* PopinInteractor.swift in Sources */ = {isa = PBXBuildFile; fileRef = CFF5FBDA2925EDF000EADF2A /* PopinInteractor.swift */; };
		CFF5FBDD2925EE7A00EADF2A /* PopinPresenter.swift in Sources */ = {isa = PBXBuildFile; fileRef = CFF5FBDC2925EE7A00EADF2A /* PopinPresenter.swift */; };
		CFF5FBDF2926083200EADF2A /* PopinPusher.swift in Sources */ = {isa = PBXBuildFile; fileRef = CFF5FBDE2926083200EADF2A /* PopinPusher.swift */; };
/* End PBXBuildFile section */

/* Begin PBXContainerItemProxy section */
		CFBBD5722923EA3100D241A9 /* PBXContainerItemProxy */ = {
			isa = PBXContainerItemProxy;
			containerPortal = CFBBD55D2923EA3100D241A9 /* Project object */;
			proxyType = 1;
			remoteGlobalIDString = CFBBD5652923EA3100D241A9;
			remoteInfo = PopinCall;
		};
		CFBBD5A52923F08100D241A9 /* PBXContainerItemProxy */ = {
			isa = PBXContainerItemProxy;
			containerPortal = CFBBD55D2923EA3100D241A9 /* Project object */;
			proxyType = 1;
			remoteGlobalIDString = CFBBD5652923EA3100D241A9;
			remoteInfo = PopinCall;
		};
/* End PBXContainerItemProxy section */

/* Begin PBXCopyFilesBuildPhase section */
		CFBBD5A72923F08100D241A9 /* Embed Frameworks */ = {
			isa = PBXCopyFilesBuildPhase;
			buildActionMask = 2147483647;
			dstPath = "";
			dstSubfolderSpec = 10;
			files = (
				CFBBD5A42923F08100D241A9 /* PopinCall.framework in Embed Frameworks */,
			);
			name = "Embed Frameworks";
			runOnlyForDeploymentPostprocessing = 0;
		};
/* End PBXCopyFilesBuildPhase section */

/* Begin PBXFileReference section */
		032F31849EB42899D3A2A182 /* Pods_PopinCall.framework */ = {isa = PBXFileReference; explicitFileType = wrapper.framework; includeInIndex = 0; path = Pods_PopinCall.framework; sourceTree = BUILT_PRODUCTS_DIR; };
		0BCC9E1AAE294140859CBA94 /* Pods-PopinCall-PopinCallTests.debug.xcconfig */ = {isa = PBXFileReference; includeInIndex = 1; lastKnownFileType = text.xcconfig; name = "Pods-PopinCall-PopinCallTests.debug.xcconfig"; path = "Target Support Files/Pods-PopinCall-PopinCallTests/Pods-PopinCall-PopinCallTests.debug.xcconfig"; sourceTree = "<group>"; };
		0EF651D75BE74C9E0AC825D6 /* Pods-PopinCall-PopinCallTests.release.xcconfig */ = {isa = PBXFileReference; includeInIndex = 1; lastKnownFileType = text.xcconfig; name = "Pods-PopinCall-PopinCallTests.release.xcconfig"; path = "Target Support Files/Pods-PopinCall-PopinCallTests/Pods-PopinCall-PopinCallTests.release.xcconfig"; sourceTree = "<group>"; };
		527A8E57E817C9EFD829F0BF /* Pods-PopinCall.debug.xcconfig */ = {isa = PBXFileReference; includeInIndex = 1; lastKnownFileType = text.xcconfig; name = "Pods-PopinCall.debug.xcconfig"; path = "Target Support Files/Pods-PopinCall/Pods-PopinCall.debug.xcconfig"; sourceTree = "<group>"; };
		5AC7D8C4B324EB1DDC02E700 /* Pods-PopinCallExamples.debug.xcconfig */ = {isa = PBXFileReference; includeInIndex = 1; lastKnownFileType = text.xcconfig; name = "Pods-PopinCallExamples.debug.xcconfig"; path = "Target Support Files/Pods-PopinCallExamples/Pods-PopinCallExamples.debug.xcconfig"; sourceTree = "<group>"; };
		7CA7F3AC314C5F58CA18AA74 /* Pods_PopinCallExamples.framework */ = {isa = PBXFileReference; explicitFileType = wrapper.framework; includeInIndex = 0; path = Pods_PopinCallExamples.framework; sourceTree = BUILT_PRODUCTS_DIR; };
		87CA74832874DF71A542E446 /* Pods-PopinCallExamples.release.xcconfig */ = {isa = PBXFileReference; includeInIndex = 1; lastKnownFileType = text.xcconfig; name = "Pods-PopinCallExamples.release.xcconfig"; path = "Target Support Files/Pods-PopinCallExamples/Pods-PopinCallExamples.release.xcconfig"; sourceTree = "<group>"; };
		9CC880864910BC64A25CB781 /* Pods-PopinCall.release.xcconfig */ = {isa = PBXFileReference; includeInIndex = 1; lastKnownFileType = text.xcconfig; name = "Pods-PopinCall.release.xcconfig"; path = "Target Support Files/Pods-PopinCall/Pods-PopinCall.release.xcconfig"; sourceTree = "<group>"; };
		CFA556812923FDB7003453DF /* PopinCallPresenter.swift */ = {isa = PBXFileReference; lastKnownFileType = sourcecode.swift; path = PopinCallPresenter.swift; sourceTree = "<group>"; };
		CFA556832923FDC1003453DF /* PopinCallInteractor.swift */ = {isa = PBXFileReference; lastKnownFileType = sourcecode.swift; path = PopinCallInteractor.swift; sourceTree = "<group>"; };
		CFA556852923FEA3003453DF /* PopinCallDelegate.swift */ = {isa = PBXFileReference; lastKnownFileType = sourcecode.swift; path = PopinCallDelegate.swift; sourceTree = "<group>"; };
		CFA556872923FF4C003453DF /* Popin.swift */ = {isa = PBXFileReference; lastKnownFileType = sourcecode.swift; path = Popin.swift; sourceTree = "<group>"; };
		CFBBD5662923EA3100D241A9 /* PopinCall.framework */ = {isa = PBXFileReference; explicitFileType = wrapper.framework; includeInIndex = 0; path = PopinCall.framework; sourceTree = BUILT_PRODUCTS_DIR; };
		CFBBD5692923EA3100D241A9 /* PopinCall.h */ = {isa = PBXFileReference; lastKnownFileType = sourcecode.c.h; path = PopinCall.h; sourceTree = "<group>"; };
		CFBBD56A2923EA3100D241A9 /* PopinCall.docc */ = {isa = PBXFileReference; lastKnownFileType = folder.documentationcatalog; path = PopinCall.docc; sourceTree = "<group>"; };
		CFBBD5702923EA3100D241A9 /* PopinCallTests.xctest */ = {isa = PBXFileReference; explicitFileType = wrapper.cfbundle; includeInIndex = 0; path = PopinCallTests.xctest; sourceTree = BUILT_PRODUCTS_DIR; };
		CFBBD5752923EA3100D241A9 /* PopinCallTests.swift */ = {isa = PBXFileReference; lastKnownFileType = sourcecode.swift; path = PopinCallTests.swift; sourceTree = "<group>"; };
		CFBBD5842923EA8800D241A9 /* PopinCallExamples.app */ = {isa = PBXFileReference; explicitFileType = wrapper.application; includeInIndex = 0; path = PopinCallExamples.app; sourceTree = BUILT_PRODUCTS_DIR; };
		CFBBD5862923EA8800D241A9 /* AppDelegate.swift */ = {isa = PBXFileReference; lastKnownFileType = sourcecode.swift; path = AppDelegate.swift; sourceTree = "<group>"; };
		CFBBD5882923EA8800D241A9 /* SceneDelegate.swift */ = {isa = PBXFileReference; lastKnownFileType = sourcecode.swift; path = SceneDelegate.swift; sourceTree = "<group>"; };
		CFBBD58A2923EA8800D241A9 /* ViewController.swift */ = {isa = PBXFileReference; lastKnownFileType = sourcecode.swift; path = ViewController.swift; sourceTree = "<group>"; };
		CFBBD58D2923EA8800D241A9 /* Base */ = {isa = PBXFileReference; lastKnownFileType = file.storyboard; name = Base; path = Base.lproj/Main.storyboard; sourceTree = "<group>"; };
		CFBBD58F2923EA8900D241A9 /* Assets.xcassets */ = {isa = PBXFileReference; lastKnownFileType = folder.assetcatalog; path = Assets.xcassets; sourceTree = "<group>"; };
		CFBBD5922923EA8900D241A9 /* Base */ = {isa = PBXFileReference; lastKnownFileType = file.storyboard; name = Base; path = Base.lproj/LaunchScreen.storyboard; sourceTree = "<group>"; };
		CFBBD5942923EA8900D241A9 /* Info.plist */ = {isa = PBXFileReference; lastKnownFileType = text.plist.xml; path = Info.plist; sourceTree = "<group>"; };
		CFBBD59E2923EE7200D241A9 /* PopinCallViewController.swift */ = {isa = PBXFileReference; lastKnownFileType = sourcecode.swift; path = PopinCallViewController.swift; sourceTree = "<group>"; };
		CFBBD59F2923EE7200D241A9 /* PopinCallViewController.xib */ = {isa = PBXFileReference; lastKnownFileType = file.xib; path = PopinCallViewController.xib; sourceTree = "<group>"; };
		CFF5FBD82925E4E500EADF2A /* Utilities.swift */ = {isa = PBXFileReference; lastKnownFileType = sourcecode.swift; path = Utilities.swift; sourceTree = "<group>"; };
		CFF5FBDA2925EDF000EADF2A /* PopinInteractor.swift */ = {isa = PBXFileReference; lastKnownFileType = sourcecode.swift; path = PopinInteractor.swift; sourceTree = "<group>"; };
		CFF5FBDC2925EE7A00EADF2A /* PopinPresenter.swift */ = {isa = PBXFileReference; lastKnownFileType = sourcecode.swift; path = PopinPresenter.swift; sourceTree = "<group>"; };
		CFF5FBDE2926083200EADF2A /* PopinPusher.swift */ = {isa = PBXFileReference; lastKnownFileType = sourcecode.swift; path = PopinPusher.swift; sourceTree = "<group>"; };
		E3F74A3372ED619A04D4C869 /* Pods_PopinCall_PopinCallTests.framework */ = {isa = PBXFileReference; explicitFileType = wrapper.framework; includeInIndex = 0; path = Pods_PopinCall_PopinCallTests.framework; sourceTree = BUILT_PRODUCTS_DIR; };
/* End PBXFileReference section */

/* Begin PBXFrameworksBuildPhase section */
		CFBBD5632923EA3100D241A9 /* Frameworks */ = {
			isa = PBXFrameworksBuildPhase;
			buildActionMask = 2147483647;
			files = (
				A7DCB96F5187C6A3235B43EB /* Pods_PopinCall.framework in Frameworks */,
			);
			runOnlyForDeploymentPostprocessing = 0;
		};
		CFBBD56D2923EA3100D241A9 /* Frameworks */ = {
			isa = PBXFrameworksBuildPhase;
			buildActionMask = 2147483647;
			files = (
				CFBBD5712923EA3100D241A9 /* PopinCall.framework in Frameworks */,
				6331656492F6ACA3D9695BC0 /* Pods_PopinCall_PopinCallTests.framework in Frameworks */,
			);
			runOnlyForDeploymentPostprocessing = 0;
		};
		CFBBD5812923EA8800D241A9 /* Frameworks */ = {
			isa = PBXFrameworksBuildPhase;
			buildActionMask = 2147483647;
			files = (
				CFBBD5A32923F08000D241A9 /* PopinCall.framework in Frameworks */,
				65AE8F9EC9E9FF65E6AA2616 /* Pods_PopinCallExamples.framework in Frameworks */,
			);
			runOnlyForDeploymentPostprocessing = 0;
		};
/* End PBXFrameworksBuildPhase section */

/* Begin PBXGroup section */
		43B52AE950059A97FE3CA365 /* Pods */ = {
			isa = PBXGroup;
			children = (
				527A8E57E817C9EFD829F0BF /* Pods-PopinCall.debug.xcconfig */,
				9CC880864910BC64A25CB781 /* Pods-PopinCall.release.xcconfig */,
				0BCC9E1AAE294140859CBA94 /* Pods-PopinCall-PopinCallTests.debug.xcconfig */,
				0EF651D75BE74C9E0AC825D6 /* Pods-PopinCall-PopinCallTests.release.xcconfig */,
				5AC7D8C4B324EB1DDC02E700 /* Pods-PopinCallExamples.debug.xcconfig */,
				87CA74832874DF71A542E446 /* Pods-PopinCallExamples.release.xcconfig */,
			);
			path = Pods;
			sourceTree = "<group>";
		};
		CFBBD55C2923EA3100D241A9 = {
			isa = PBXGroup;
			children = (
				CFBBD5682923EA3100D241A9 /* PopinCall */,
				CFBBD5742923EA3100D241A9 /* PopinCallTests */,
				CFBBD5852923EA8800D241A9 /* PopinCallExamples */,
				CFBBD5672923EA3100D241A9 /* Products */,
				CFBBD5A22923F08000D241A9 /* Frameworks */,
				43B52AE950059A97FE3CA365 /* Pods */,
			);
			sourceTree = "<group>";
		};
		CFBBD5672923EA3100D241A9 /* Products */ = {
			isa = PBXGroup;
			children = (
				CFBBD5662923EA3100D241A9 /* PopinCall.framework */,
				CFBBD5702923EA3100D241A9 /* PopinCallTests.xctest */,
				CFBBD5842923EA8800D241A9 /* PopinCallExamples.app */,
			);
			name = Products;
			sourceTree = "<group>";
		};
		CFBBD5682923EA3100D241A9 /* PopinCall */ = {
			isa = PBXGroup;
			children = (
				CFBBD5692923EA3100D241A9 /* PopinCall.h */,
				CFBBD56A2923EA3100D241A9 /* PopinCall.docc */,
				CFBBD59E2923EE7200D241A9 /* PopinCallViewController.swift */,
				CFA556812923FDB7003453DF /* PopinCallPresenter.swift */,
				CFA556832923FDC1003453DF /* PopinCallInteractor.swift */,
				CFF5FBD82925E4E500EADF2A /* Utilities.swift */,
				CFA556872923FF4C003453DF /* Popin.swift */,
				CFF5FBDE2926083200EADF2A /* PopinPusher.swift */,
				CFF5FBDC2925EE7A00EADF2A /* PopinPresenter.swift */,
				CFF5FBDA2925EDF000EADF2A /* PopinInteractor.swift */,
				CFA556852923FEA3003453DF /* PopinCallDelegate.swift */,
				CFBBD59F2923EE7200D241A9 /* PopinCallViewController.xib */,
			);
			path = PopinCall;
			sourceTree = "<group>";
		};
		CFBBD5742923EA3100D241A9 /* PopinCallTests */ = {
			isa = PBXGroup;
			children = (
				CFBBD5752923EA3100D241A9 /* PopinCallTests.swift */,
			);
			path = PopinCallTests;
			sourceTree = "<group>";
		};
		CFBBD5852923EA8800D241A9 /* PopinCallExamples */ = {
			isa = PBXGroup;
			children = (
				CFBBD5862923EA8800D241A9 /* AppDelegate.swift */,
				CFBBD5882923EA8800D241A9 /* SceneDelegate.swift */,
				CFBBD58A2923EA8800D241A9 /* ViewController.swift */,
				CFBBD58C2923EA8800D241A9 /* Main.storyboard */,
				CFBBD58F2923EA8900D241A9 /* Assets.xcassets */,
				CFBBD5912923EA8900D241A9 /* LaunchScreen.storyboard */,
				CFBBD5942923EA8900D241A9 /* Info.plist */,
			);
			path = PopinCallExamples;
			sourceTree = "<group>";
		};
		CFBBD5A22923F08000D241A9 /* Frameworks */ = {
			isa = PBXGroup;
			children = (
				032F31849EB42899D3A2A182 /* Pods_PopinCall.framework */,
				E3F74A3372ED619A04D4C869 /* Pods_PopinCall_PopinCallTests.framework */,
				7CA7F3AC314C5F58CA18AA74 /* Pods_PopinCallExamples.framework */,
			);
			name = Frameworks;
			sourceTree = "<group>";
		};
/* End PBXGroup section */

/* Begin PBXHeadersBuildPhase section */
		CFBBD5612923EA3100D241A9 /* Headers */ = {
			isa = PBXHeadersBuildPhase;
			buildActionMask = 2147483647;
			files = (
				CFBBD5772923EA3100D241A9 /* PopinCall.h in Headers */,
			);
			runOnlyForDeploymentPostprocessing = 0;
		};
/* End PBXHeadersBuildPhase section */

/* Begin PBXNativeTarget section */
		CFBBD5652923EA3100D241A9 /* PopinCall */ = {
			isa = PBXNativeTarget;
			buildConfigurationList = CFBBD57A2923EA3100D241A9 /* Build configuration list for PBXNativeTarget "PopinCall" */;
			buildPhases = (
				D2B07E5A2B084D371C82B126 /* [CP] Check Pods Manifest.lock */,
				CFBBD5612923EA3100D241A9 /* Headers */,
				CFBBD5622923EA3100D241A9 /* Sources */,
				CFBBD5632923EA3100D241A9 /* Frameworks */,
				CFBBD5642923EA3100D241A9 /* Resources */,
			);
			buildRules = (
			);
			dependencies = (
			);
			name = PopinCall;
			productName = PopinCall;
			productReference = CFBBD5662923EA3100D241A9 /* PopinCall.framework */;
			productType = "com.apple.product-type.framework";
		};
		CFBBD56F2923EA3100D241A9 /* PopinCallTests */ = {
			isa = PBXNativeTarget;
			buildConfigurationList = CFBBD57D2923EA3100D241A9 /* Build configuration list for PBXNativeTarget "PopinCallTests" */;
			buildPhases = (
				3B514C045AE5A688A837F683 /* [CP] Check Pods Manifest.lock */,
				CFBBD56C2923EA3100D241A9 /* Sources */,
				CFBBD56D2923EA3100D241A9 /* Frameworks */,
				CFBBD56E2923EA3100D241A9 /* Resources */,
				A6CDF4B3613BEE9ED7563808 /* [CP] Embed Pods Frameworks */,
			);
			buildRules = (
			);
			dependencies = (
				CFBBD5732923EA3100D241A9 /* PBXTargetDependency */,
			);
			name = PopinCallTests;
			productName = PopinCallTests;
			productReference = CFBBD5702923EA3100D241A9 /* PopinCallTests.xctest */;
			productType = "com.apple.product-type.bundle.unit-test";
		};
		CFBBD5832923EA8800D241A9 /* PopinCallExamples */ = {
			isa = PBXNativeTarget;
			buildConfigurationList = CFBBD5952923EA8900D241A9 /* Build configuration list for PBXNativeTarget "PopinCallExamples" */;
			buildPhases = (
				59E7D5FACCD4E8EB861E3B99 /* [CP] Check Pods Manifest.lock */,
				CFBBD5802923EA8800D241A9 /* Sources */,
				CFBBD5812923EA8800D241A9 /* Frameworks */,
				CFBBD5822923EA8800D241A9 /* Resources */,
				CFBBD5A72923F08100D241A9 /* Embed Frameworks */,
				E19D4AB668D5E8B972526A57 /* [CP] Embed Pods Frameworks */,
			);
			buildRules = (
			);
			dependencies = (
				CFBBD5A62923F08100D241A9 /* PBXTargetDependency */,
			);
			name = PopinCallExamples;
			productName = PopinCallExamples;
			productReference = CFBBD5842923EA8800D241A9 /* PopinCallExamples.app */;
			productType = "com.apple.product-type.application";
		};
/* End PBXNativeTarget section */

/* Begin PBXProject section */
		CFBBD55D2923EA3100D241A9 /* Project object */ = {
			isa = PBXProject;
			attributes = {
				BuildIndependentTargetsInParallel = 1;
				LastSwiftUpdateCheck = 1410;
				LastUpgradeCheck = 1410;
				TargetAttributes = {
					CFBBD5652923EA3100D241A9 = {
						CreatedOnToolsVersion = 14.1;
					};
					CFBBD56F2923EA3100D241A9 = {
						CreatedOnToolsVersion = 14.1;
					};
					CFBBD5832923EA8800D241A9 = {
						CreatedOnToolsVersion = 14.1;
					};
				};
			};
			buildConfigurationList = CFBBD5602923EA3100D241A9 /* Build configuration list for PBXProject "PopinCall" */;
			compatibilityVersion = "Xcode 14.0";
			developmentRegion = en;
			hasScannedForEncodings = 0;
			knownRegions = (
				en,
				Base,
			);
			mainGroup = CFBBD55C2923EA3100D241A9;
			productRefGroup = CFBBD5672923EA3100D241A9 /* Products */;
			projectDirPath = "";
			projectRoot = "";
			targets = (
				CFBBD5652923EA3100D241A9 /* PopinCall */,
				CFBBD56F2923EA3100D241A9 /* PopinCallTests */,
				CFBBD5832923EA8800D241A9 /* PopinCallExamples */,
			);
		};
/* End PBXProject section */

/* Begin PBXResourcesBuildPhase section */
		CFBBD5642923EA3100D241A9 /* Resources */ = {
			isa = PBXResourcesBuildPhase;
			buildActionMask = 2147483647;
			files = (
				CFBBD5A12923EE7200D241A9 /* PopinCallViewController.xib in Resources */,
			);
			runOnlyForDeploymentPostprocessing = 0;
		};
		CFBBD56E2923EA3100D241A9 /* Resources */ = {
			isa = PBXResourcesBuildPhase;
			buildActionMask = 2147483647;
			files = (
			);
			runOnlyForDeploymentPostprocessing = 0;
		};
		CFBBD5822923EA8800D241A9 /* Resources */ = {
			isa = PBXResourcesBuildPhase;
			buildActionMask = 2147483647;
			files = (
				CFBBD5932923EA8900D241A9 /* LaunchScreen.storyboard in Resources */,
				CFBBD5902923EA8900D241A9 /* Assets.xcassets in Resources */,
				CFBBD58E2923EA8800D241A9 /* Main.storyboard in Resources */,
			);
			runOnlyForDeploymentPostprocessing = 0;
		};
/* End PBXResourcesBuildPhase section */

/* Begin PBXShellScriptBuildPhase section */
		3B514C045AE5A688A837F683 /* [CP] Check Pods Manifest.lock */ = {
			isa = PBXShellScriptBuildPhase;
			buildActionMask = 2147483647;
			files = (
			);
			inputFileListPaths = (
			);
			inputPaths = (
				"${PODS_PODFILE_DIR_PATH}/Podfile.lock",
				"${PODS_ROOT}/Manifest.lock",
			);
			name = "[CP] Check Pods Manifest.lock";
			outputFileListPaths = (
			);
			outputPaths = (
				"$(DERIVED_FILE_DIR)/Pods-PopinCall-PopinCallTests-checkManifestLockResult.txt",
			);
			runOnlyForDeploymentPostprocessing = 0;
			shellPath = /bin/sh;
			shellScript = "diff \"${PODS_PODFILE_DIR_PATH}/Podfile.lock\" \"${PODS_ROOT}/Manifest.lock\" > /dev/null\nif [ $? != 0 ] ; then\n    # print error to STDERR\n    echo \"error: The sandbox is not in sync with the Podfile.lock. Run 'pod install' or update your CocoaPods installation.\" >&2\n    exit 1\nfi\n# This output is used by Xcode 'outputs' to avoid re-running this script phase.\necho \"SUCCESS\" > \"${SCRIPT_OUTPUT_FILE_0}\"\n";
			showEnvVarsInLog = 0;
		};
		59E7D5FACCD4E8EB861E3B99 /* [CP] Check Pods Manifest.lock */ = {
			isa = PBXShellScriptBuildPhase;
			buildActionMask = 2147483647;
			files = (
			);
			inputFileListPaths = (
			);
			inputPaths = (
				"${PODS_PODFILE_DIR_PATH}/Podfile.lock",
				"${PODS_ROOT}/Manifest.lock",
			);
			name = "[CP] Check Pods Manifest.lock";
			outputFileListPaths = (
			);
			outputPaths = (
				"$(DERIVED_FILE_DIR)/Pods-PopinCallExamples-checkManifestLockResult.txt",
			);
			runOnlyForDeploymentPostprocessing = 0;
			shellPath = /bin/sh;
			shellScript = "diff \"${PODS_PODFILE_DIR_PATH}/Podfile.lock\" \"${PODS_ROOT}/Manifest.lock\" > /dev/null\nif [ $? != 0 ] ; then\n    # print error to STDERR\n    echo \"error: The sandbox is not in sync with the Podfile.lock. Run 'pod install' or update your CocoaPods installation.\" >&2\n    exit 1\nfi\n# This output is used by Xcode 'outputs' to avoid re-running this script phase.\necho \"SUCCESS\" > \"${SCRIPT_OUTPUT_FILE_0}\"\n";
			showEnvVarsInLog = 0;
		};
		A6CDF4B3613BEE9ED7563808 /* [CP] Embed Pods Frameworks */ = {
			isa = PBXShellScriptBuildPhase;
			buildActionMask = 2147483647;
			files = (
			);
			inputFileListPaths = (
				"${PODS_ROOT}/Target Support Files/Pods-PopinCall-PopinCallTests/Pods-PopinCall-PopinCallTests-frameworks-${CONFIGURATION}-input-files.xcfilelist",
			);
			name = "[CP] Embed Pods Frameworks";
			outputFileListPaths = (
				"${PODS_ROOT}/Target Support Files/Pods-PopinCall-PopinCallTests/Pods-PopinCall-PopinCallTests-frameworks-${CONFIGURATION}-output-files.xcfilelist",
			);
			runOnlyForDeploymentPostprocessing = 0;
			shellPath = /bin/sh;
			shellScript = "\"${PODS_ROOT}/Target Support Files/Pods-PopinCall-PopinCallTests/Pods-PopinCall-PopinCallTests-frameworks.sh\"\n";
			showEnvVarsInLog = 0;
		};
		D2B07E5A2B084D371C82B126 /* [CP] Check Pods Manifest.lock */ = {
			isa = PBXShellScriptBuildPhase;
			buildActionMask = 2147483647;
			files = (
			);
			inputFileListPaths = (
			);
			inputPaths = (
				"${PODS_PODFILE_DIR_PATH}/Podfile.lock",
				"${PODS_ROOT}/Manifest.lock",
			);
			name = "[CP] Check Pods Manifest.lock";
			outputFileListPaths = (
			);
			outputPaths = (
				"$(DERIVED_FILE_DIR)/Pods-PopinCall-checkManifestLockResult.txt",
			);
			runOnlyForDeploymentPostprocessing = 0;
			shellPath = /bin/sh;
			shellScript = "diff \"${PODS_PODFILE_DIR_PATH}/Podfile.lock\" \"${PODS_ROOT}/Manifest.lock\" > /dev/null\nif [ $? != 0 ] ; then\n    # print error to STDERR\n    echo \"error: The sandbox is not in sync with the Podfile.lock. Run 'pod install' or update your CocoaPods installation.\" >&2\n    exit 1\nfi\n# This output is used by Xcode 'outputs' to avoid re-running this script phase.\necho \"SUCCESS\" > \"${SCRIPT_OUTPUT_FILE_0}\"\n";
			showEnvVarsInLog = 0;
		};
		E19D4AB668D5E8B972526A57 /* [CP] Embed Pods Frameworks */ = {
			isa = PBXShellScriptBuildPhase;
			buildActionMask = 2147483647;
			files = (
			);
			inputFileListPaths = (
				"${PODS_ROOT}/Target Support Files/Pods-PopinCallExamples/Pods-PopinCallExamples-frameworks-${CONFIGURATION}-input-files.xcfilelist",
			);
			name = "[CP] Embed Pods Frameworks";
			outputFileListPaths = (
				"${PODS_ROOT}/Target Support Files/Pods-PopinCallExamples/Pods-PopinCallExamples-frameworks-${CONFIGURATION}-output-files.xcfilelist",
			);
			runOnlyForDeploymentPostprocessing = 0;
			shellPath = /bin/sh;
			shellScript = "\"${PODS_ROOT}/Target Support Files/Pods-PopinCallExamples/Pods-PopinCallExamples-frameworks.sh\"\n";
			showEnvVarsInLog = 0;
		};
/* End PBXShellScriptBuildPhase section */

/* Begin PBXSourcesBuildPhase section */
		CFBBD5622923EA3100D241A9 /* Sources */ = {
			isa = PBXSourcesBuildPhase;
			buildActionMask = 2147483647;
			files = (
				CFBBD56B2923EA3100D241A9 /* PopinCall.docc in Sources */,
				CFF5FBDB2925EDF000EADF2A /* PopinInteractor.swift in Sources */,
				CFA556842923FDC1003453DF /* PopinCallInteractor.swift in Sources */,
				CFF5FBDD2925EE7A00EADF2A /* PopinPresenter.swift in Sources */,
				CFF5FBD92925E4E500EADF2A /* Utilities.swift in Sources */,
				CFA556882923FF4C003453DF /* Popin.swift in Sources */,
				CFBBD5A02923EE7200D241A9 /* PopinCallViewController.swift in Sources */,
				CFA556862923FEA3003453DF /* PopinCallDelegate.swift in Sources */,
				CFA556822923FDB7003453DF /* PopinCallPresenter.swift in Sources */,
				CFF5FBDF2926083200EADF2A /* PopinPusher.swift in Sources */,
			);
			runOnlyForDeploymentPostprocessing = 0;
		};
		CFBBD56C2923EA3100D241A9 /* Sources */ = {
			isa = PBXSourcesBuildPhase;
			buildActionMask = 2147483647;
			files = (
				CFBBD5762923EA3100D241A9 /* PopinCallTests.swift in Sources */,
			);
			runOnlyForDeploymentPostprocessing = 0;
		};
		CFBBD5802923EA8800D241A9 /* Sources */ = {
			isa = PBXSourcesBuildPhase;
			buildActionMask = 2147483647;
			files = (
				CFBBD58B2923EA8800D241A9 /* ViewController.swift in Sources */,
				CFBBD5872923EA8800D241A9 /* AppDelegate.swift in Sources */,
				CFBBD5892923EA8800D241A9 /* SceneDelegate.swift in Sources */,
			);
			runOnlyForDeploymentPostprocessing = 0;
		};
/* End PBXSourcesBuildPhase section */

/* Begin PBXTargetDependency section */
		CFBBD5732923EA3100D241A9 /* PBXTargetDependency */ = {
			isa = PBXTargetDependency;
			target = CFBBD5652923EA3100D241A9 /* PopinCall */;
			targetProxy = CFBBD5722923EA3100D241A9 /* PBXContainerItemProxy */;
		};
		CFBBD5A62923F08100D241A9 /* PBXTargetDependency */ = {
			isa = PBXTargetDependency;
			target = CFBBD5652923EA3100D241A9 /* PopinCall */;
			targetProxy = CFBBD5A52923F08100D241A9 /* PBXContainerItemProxy */;
		};
/* End PBXTargetDependency section */

/* Begin PBXVariantGroup section */
		CFBBD58C2923EA8800D241A9 /* Main.storyboard */ = {
			isa = PBXVariantGroup;
			children = (
				CFBBD58D2923EA8800D241A9 /* Base */,
			);
			name = Main.storyboard;
			sourceTree = "<group>";
		};
		CFBBD5912923EA8900D241A9 /* LaunchScreen.storyboard */ = {
			isa = PBXVariantGroup;
			children = (
				CFBBD5922923EA8900D241A9 /* Base */,
			);
			name = LaunchScreen.storyboard;
			sourceTree = "<group>";
		};
/* End PBXVariantGroup section */

/* Begin XCBuildConfiguration section */
		CFBBD5782923EA3100D241A9 /* Debug */ = {
			isa = XCBuildConfiguration;
			buildSettings = {
				ALWAYS_SEARCH_USER_PATHS = NO;
				CLANG_ANALYZER_NONNULL = YES;
				CLANG_ANALYZER_NUMBER_OBJECT_CONVERSION = YES_AGGRESSIVE;
				CLANG_CXX_LANGUAGE_STANDARD = "gnu++20";
				CLANG_ENABLE_MODULES = YES;
				CLANG_ENABLE_OBJC_ARC = YES;
				CLANG_ENABLE_OBJC_WEAK = YES;
				CLANG_WARN_BLOCK_CAPTURE_AUTORELEASING = YES;
				CLANG_WARN_BOOL_CONVERSION = YES;
				CLANG_WARN_COMMA = YES;
				CLANG_WARN_CONSTANT_CONVERSION = YES;
				CLANG_WARN_DEPRECATED_OBJC_IMPLEMENTATIONS = YES;
				CLANG_WARN_DIRECT_OBJC_ISA_USAGE = YES_ERROR;
				CLANG_WARN_DOCUMENTATION_COMMENTS = YES;
				CLANG_WARN_EMPTY_BODY = YES;
				CLANG_WARN_ENUM_CONVERSION = YES;
				CLANG_WARN_INFINITE_RECURSION = YES;
				CLANG_WARN_INT_CONVERSION = YES;
				CLANG_WARN_NON_LITERAL_NULL_CONVERSION = YES;
				CLANG_WARN_OBJC_IMPLICIT_RETAIN_SELF = YES;
				CLANG_WARN_OBJC_LITERAL_CONVERSION = YES;
				CLANG_WARN_OBJC_ROOT_CLASS = YES_ERROR;
				CLANG_WARN_QUOTED_INCLUDE_IN_FRAMEWORK_HEADER = YES;
				CLANG_WARN_RANGE_LOOP_ANALYSIS = YES;
				CLANG_WARN_STRICT_PROTOTYPES = YES;
				CLANG_WARN_SUSPICIOUS_MOVE = YES;
				CLANG_WARN_UNGUARDED_AVAILABILITY = YES_AGGRESSIVE;
				CLANG_WARN_UNREACHABLE_CODE = YES;
				CLANG_WARN__DUPLICATE_METHOD_MATCH = YES;
				COPY_PHASE_STRIP = NO;
				CURRENT_PROJECT_VERSION = 1;
				DEBUG_INFORMATION_FORMAT = dwarf;
				ENABLE_STRICT_OBJC_MSGSEND = YES;
				ENABLE_TESTABILITY = YES;
				GCC_C_LANGUAGE_STANDARD = gnu11;
				GCC_DYNAMIC_NO_PIC = NO;
				GCC_NO_COMMON_BLOCKS = YES;
				GCC_OPTIMIZATION_LEVEL = 0;
				GCC_PREPROCESSOR_DEFINITIONS = (
					"DEBUG=1",
					"$(inherited)",
				);
				GCC_WARN_64_TO_32_BIT_CONVERSION = YES;
				GCC_WARN_ABOUT_RETURN_TYPE = YES_ERROR;
				GCC_WARN_UNDECLARED_SELECTOR = YES;
				GCC_WARN_UNINITIALIZED_AUTOS = YES_AGGRESSIVE;
				GCC_WARN_UNUSED_FUNCTION = YES;
				GCC_WARN_UNUSED_VARIABLE = YES;
				IPHONEOS_DEPLOYMENT_TARGET = 16.1;
				MTL_ENABLE_DEBUG_INFO = INCLUDE_SOURCE;
				MTL_FAST_MATH = YES;
				ONLY_ACTIVE_ARCH = YES;
				SDKROOT = iphoneos;
				SWIFT_ACTIVE_COMPILATION_CONDITIONS = DEBUG;
				SWIFT_OPTIMIZATION_LEVEL = "-Onone";
				VERSIONING_SYSTEM = "apple-generic";
				VERSION_INFO_PREFIX = "";
			};
			name = Debug;
		};
		CFBBD5792923EA3100D241A9 /* Release */ = {
			isa = XCBuildConfiguration;
			buildSettings = {
				ALWAYS_SEARCH_USER_PATHS = NO;
				CLANG_ANALYZER_NONNULL = YES;
				CLANG_ANALYZER_NUMBER_OBJECT_CONVERSION = YES_AGGRESSIVE;
				CLANG_CXX_LANGUAGE_STANDARD = "gnu++20";
				CLANG_ENABLE_MODULES = YES;
				CLANG_ENABLE_OBJC_ARC = YES;
				CLANG_ENABLE_OBJC_WEAK = YES;
				CLANG_WARN_BLOCK_CAPTURE_AUTORELEASING = YES;
				CLANG_WARN_BOOL_CONVERSION = YES;
				CLANG_WARN_COMMA = YES;
				CLANG_WARN_CONSTANT_CONVERSION = YES;
				CLANG_WARN_DEPRECATED_OBJC_IMPLEMENTATIONS = YES;
				CLANG_WARN_DIRECT_OBJC_ISA_USAGE = YES_ERROR;
				CLANG_WARN_DOCUMENTATION_COMMENTS = YES;
				CLANG_WARN_EMPTY_BODY = YES;
				CLANG_WARN_ENUM_CONVERSION = YES;
				CLANG_WARN_INFINITE_RECURSION = YES;
				CLANG_WARN_INT_CONVERSION = YES;
				CLANG_WARN_NON_LITERAL_NULL_CONVERSION = YES;
				CLANG_WARN_OBJC_IMPLICIT_RETAIN_SELF = YES;
				CLANG_WARN_OBJC_LITERAL_CONVERSION = YES;
				CLANG_WARN_OBJC_ROOT_CLASS = YES_ERROR;
				CLANG_WARN_QUOTED_INCLUDE_IN_FRAMEWORK_HEADER = YES;
				CLANG_WARN_RANGE_LOOP_ANALYSIS = YES;
				CLANG_WARN_STRICT_PROTOTYPES = YES;
				CLANG_WARN_SUSPICIOUS_MOVE = YES;
				CLANG_WARN_UNGUARDED_AVAILABILITY = YES_AGGRESSIVE;
				CLANG_WARN_UNREACHABLE_CODE = YES;
				CLANG_WARN__DUPLICATE_METHOD_MATCH = YES;
				COPY_PHASE_STRIP = NO;
				CURRENT_PROJECT_VERSION = 1;
				DEBUG_INFORMATION_FORMAT = "dwarf-with-dsym";
				ENABLE_NS_ASSERTIONS = NO;
				ENABLE_STRICT_OBJC_MSGSEND = YES;
				GCC_C_LANGUAGE_STANDARD = gnu11;
				GCC_NO_COMMON_BLOCKS = YES;
				GCC_WARN_64_TO_32_BIT_CONVERSION = YES;
				GCC_WARN_ABOUT_RETURN_TYPE = YES_ERROR;
				GCC_WARN_UNDECLARED_SELECTOR = YES;
				GCC_WARN_UNINITIALIZED_AUTOS = YES_AGGRESSIVE;
				GCC_WARN_UNUSED_FUNCTION = YES;
				GCC_WARN_UNUSED_VARIABLE = YES;
				IPHONEOS_DEPLOYMENT_TARGET = 16.1;
				MTL_ENABLE_DEBUG_INFO = NO;
				MTL_FAST_MATH = YES;
				SDKROOT = iphoneos;
				SWIFT_COMPILATION_MODE = wholemodule;
				SWIFT_OPTIMIZATION_LEVEL = "-O";
				VALIDATE_PRODUCT = YES;
				VERSIONING_SYSTEM = "apple-generic";
				VERSION_INFO_PREFIX = "";
			};
			name = Release;
		};
		CFBBD57B2923EA3100D241A9 /* Debug */ = {
			isa = XCBuildConfiguration;
			baseConfigurationReference = 527A8E57E817C9EFD829F0BF /* Pods-PopinCall.debug.xcconfig */;
			buildSettings = {
				CODE_SIGN_STYLE = Automatic;
				CURRENT_PROJECT_VERSION = 1;
				DEFINES_MODULE = YES;
				DEVELOPMENT_TEAM = 7GE5BSP5FH;
				DYLIB_COMPATIBILITY_VERSION = 1;
				DYLIB_CURRENT_VERSION = 1;
				DYLIB_INSTALL_NAME_BASE = "@rpath";
				GENERATE_INFOPLIST_FILE = YES;
				INFOPLIST_KEY_NSHumanReadableCopyright = "";
				INSTALL_PATH = "$(LOCAL_LIBRARY_DIR)/Frameworks";
				LD_RUNPATH_SEARCH_PATHS = (
					"$(inherited)",
					"@executable_path/Frameworks",
					"@loader_path/Frameworks",
				);
				MARKETING_VERSION = 1.0;
				PRODUCT_BUNDLE_IDENTIFIER = to.popin.PopinCall;
				PRODUCT_NAME = "$(TARGET_NAME:c99extidentifier)";
				SKIP_INSTALL = YES;
				SWIFT_EMIT_LOC_STRINGS = YES;
				SWIFT_VERSION = 5.0;
				TARGETED_DEVICE_FAMILY = "1,2";
			};
			name = Debug;
		};
		CFBBD57C2923EA3100D241A9 /* Release */ = {
			isa = XCBuildConfiguration;
			baseConfigurationReference = 9CC880864910BC64A25CB781 /* Pods-PopinCall.release.xcconfig */;
			buildSettings = {
				CODE_SIGN_STYLE = Automatic;
				CURRENT_PROJECT_VERSION = 1;
				DEFINES_MODULE = YES;
				DEVELOPMENT_TEAM = 7GE5BSP5FH;
				DYLIB_COMPATIBILITY_VERSION = 1;
				DYLIB_CURRENT_VERSION = 1;
				DYLIB_INSTALL_NAME_BASE = "@rpath";
				GENERATE_INFOPLIST_FILE = YES;
				INFOPLIST_KEY_NSHumanReadableCopyright = "";
				INSTALL_PATH = "$(LOCAL_LIBRARY_DIR)/Frameworks";
				LD_RUNPATH_SEARCH_PATHS = (
					"$(inherited)",
					"@executable_path/Frameworks",
					"@loader_path/Frameworks",
				);
				MARKETING_VERSION = 1.0;
				PRODUCT_BUNDLE_IDENTIFIER = to.popin.PopinCall;
				PRODUCT_NAME = "$(TARGET_NAME:c99extidentifier)";
				SKIP_INSTALL = YES;
				SWIFT_EMIT_LOC_STRINGS = YES;
				SWIFT_VERSION = 5.0;
				TARGETED_DEVICE_FAMILY = "1,2";
			};
			name = Release;
		};
		CFBBD57E2923EA3100D241A9 /* Debug */ = {
			isa = XCBuildConfiguration;
			baseConfigurationReference = 0BCC9E1AAE294140859CBA94 /* Pods-PopinCall-PopinCallTests.debug.xcconfig */;
			buildSettings = {
				ALWAYS_EMBED_SWIFT_STANDARD_LIBRARIES = YES;
				CODE_SIGN_STYLE = Automatic;
				CURRENT_PROJECT_VERSION = 1;
				DEVELOPMENT_TEAM = 7GE5BSP5FH;
				GENERATE_INFOPLIST_FILE = YES;
				MARKETING_VERSION = 1.0;
				PRODUCT_BUNDLE_IDENTIFIER = to.popin.PopinCallTests;
				PRODUCT_NAME = "$(TARGET_NAME)";
				SWIFT_EMIT_LOC_STRINGS = NO;
				SWIFT_VERSION = 5.0;
				TARGETED_DEVICE_FAMILY = "1,2";
			};
			name = Debug;
		};
		CFBBD57F2923EA3100D241A9 /* Release */ = {
			isa = XCBuildConfiguration;
			baseConfigurationReference = 0EF651D75BE74C9E0AC825D6 /* Pods-PopinCall-PopinCallTests.release.xcconfig */;
			buildSettings = {
				ALWAYS_EMBED_SWIFT_STANDARD_LIBRARIES = YES;
				CODE_SIGN_STYLE = Automatic;
				CURRENT_PROJECT_VERSION = 1;
				DEVELOPMENT_TEAM = 7GE5BSP5FH;
				GENERATE_INFOPLIST_FILE = YES;
				MARKETING_VERSION = 1.0;
				PRODUCT_BUNDLE_IDENTIFIER = to.popin.PopinCallTests;
				PRODUCT_NAME = "$(TARGET_NAME)";
				SWIFT_EMIT_LOC_STRINGS = NO;
				SWIFT_VERSION = 5.0;
				TARGETED_DEVICE_FAMILY = "1,2";
			};
			name = Release;
		};
		CFBBD5962923EA8900D241A9 /* Debug */ = {
			isa = XCBuildConfiguration;
			baseConfigurationReference = 5AC7D8C4B324EB1DDC02E700 /* Pods-PopinCallExamples.debug.xcconfig */;
			buildSettings = {
				ASSETCATALOG_COMPILER_APPICON_NAME = AppIcon;
				ASSETCATALOG_COMPILER_GLOBAL_ACCENT_COLOR_NAME = AccentColor;
				CODE_SIGN_STYLE = Automatic;
				CURRENT_PROJECT_VERSION = 1;
				DEVELOPMENT_TEAM = 7GE5BSP5FH;
				GENERATE_INFOPLIST_FILE = YES;
				INFOPLIST_FILE = PopinCallExamples/Info.plist;
				INFOPLIST_KEY_UIApplicationSupportsIndirectInputEvents = YES;
				INFOPLIST_KEY_UILaunchStoryboardName = LaunchScreen;
				INFOPLIST_KEY_UIMainStoryboardFile = Main;
				INFOPLIST_KEY_UISupportedInterfaceOrientations_iPad = "UIInterfaceOrientationPortrait UIInterfaceOrientationPortraitUpsideDown UIInterfaceOrientationLandscapeLeft UIInterfaceOrientationLandscapeRight";
				INFOPLIST_KEY_UISupportedInterfaceOrientations_iPhone = "UIInterfaceOrientationPortrait UIInterfaceOrientationLandscapeLeft UIInterfaceOrientationLandscapeRight";
				LD_RUNPATH_SEARCH_PATHS = (
					"$(inherited)",
					"@executable_path/Frameworks",
				);
				MARKETING_VERSION = 1.0;
				PRODUCT_BUNDLE_IDENTIFIER = to.popin.PopinCallExamples;
				PRODUCT_NAME = "$(TARGET_NAME)";
				SWIFT_EMIT_LOC_STRINGS = YES;
				SWIFT_VERSION = 5.0;
				TARGETED_DEVICE_FAMILY = "1,2";
			};
			name = Debug;
		};
		CFBBD5972923EA8900D241A9 /* Release */ = {
			isa = XCBuildConfiguration;
			baseConfigurationReference = 87CA74832874DF71A542E446 /* Pods-PopinCallExamples.release.xcconfig */;
			buildSettings = {
				ASSETCATALOG_COMPILER_APPICON_NAME = AppIcon;
				ASSETCATALOG_COMPILER_GLOBAL_ACCENT_COLOR_NAME = AccentColor;
				CODE_SIGN_STYLE = Automatic;
				CURRENT_PROJECT_VERSION = 1;
				DEVELOPMENT_TEAM = 7GE5BSP5FH;
				GENERATE_INFOPLIST_FILE = YES;
				INFOPLIST_FILE = PopinCallExamples/Info.plist;
				INFOPLIST_KEY_UIApplicationSupportsIndirectInputEvents = YES;
				INFOPLIST_KEY_UILaunchStoryboardName = LaunchScreen;
				INFOPLIST_KEY_UIMainStoryboardFile = Main;
				INFOPLIST_KEY_UISupportedInterfaceOrientations_iPad = "UIInterfaceOrientationPortrait UIInterfaceOrientationPortraitUpsideDown UIInterfaceOrientationLandscapeLeft UIInterfaceOrientationLandscapeRight";
				INFOPLIST_KEY_UISupportedInterfaceOrientations_iPhone = "UIInterfaceOrientationPortrait UIInterfaceOrientationLandscapeLeft UIInterfaceOrientationLandscapeRight";
				LD_RUNPATH_SEARCH_PATHS = (
					"$(inherited)",
					"@executable_path/Frameworks",
				);
				MARKETING_VERSION = 1.0;
				PRODUCT_BUNDLE_IDENTIFIER = to.popin.PopinCallExamples;
				PRODUCT_NAME = "$(TARGET_NAME)";
				SWIFT_EMIT_LOC_STRINGS = YES;
				SWIFT_VERSION = 5.0;
				TARGETED_DEVICE_FAMILY = "1,2";
			};
			name = Release;
		};
/* End XCBuildConfiguration section */

/* Begin XCConfigurationList section */
		CFBBD5602923EA3100D241A9 /* Build configuration list for PBXProject "PopinCall" */ = {
			isa = XCConfigurationList;
			buildConfigurations = (
				CFBBD5782923EA3100D241A9 /* Debug */,
				CFBBD5792923EA3100D241A9 /* Release */,
			);
			defaultConfigurationIsVisible = 0;
			defaultConfigurationName = Release;
		};
		CFBBD57A2923EA3100D241A9 /* Build configuration list for PBXNativeTarget "PopinCall" */ = {
			isa = XCConfigurationList;
			buildConfigurations = (
				CFBBD57B2923EA3100D241A9 /* Debug */,
				CFBBD57C2923EA3100D241A9 /* Release */,
			);
			defaultConfigurationIsVisible = 0;
			defaultConfigurationName = Release;
		};
		CFBBD57D2923EA3100D241A9 /* Build configuration list for PBXNativeTarget "PopinCallTests" */ = {
			isa = XCConfigurationList;
			buildConfigurations = (
				CFBBD57E2923EA3100D241A9 /* Debug */,
				CFBBD57F2923EA3100D241A9 /* Release */,
			);
			defaultConfigurationIsVisible = 0;
			defaultConfigurationName = Release;
		};
		CFBBD5952923EA8900D241A9 /* Build configuration list for PBXNativeTarget "PopinCallExamples" */ = {
			isa = XCConfigurationList;
			buildConfigurations = (
				CFBBD5962923EA8900D241A9 /* Debug */,
				CFBBD5972923EA8900D241A9 /* Release */,
			);
			defaultConfigurationIsVisible = 0;
			defaultConfigurationName = Release;
		};
/* End XCConfigurationList section */
	};
	rootObject = CFBBD55D2923EA3100D241A9 /* Project object */;
}
